<?xml version="1.0" encoding="utf-8"?>
<Project ToolsVersion="4.0" xmlns="http://schemas.microsoft.com/developer/msbuild/2003">
  <ItemGroup>
    <ClCompile Include="Controllers.cpp">
      <Filter>Реализация</Filter>
    </ClCompile>
    <ClCompile Include="EventHandler.cpp">
      <Filter>Реализация</Filter>
    </ClCompile>
    <ClCompile Include="Game.cpp">
      <Filter>Реализация</Filter>
    </ClCompile>
    <ClCompile Include="GameObjects.cpp">
      <Filter>Реализация</Filter>
    </ClCompile>
    <ClCompile Include="GameObjectsFabric.cpp">
      <Filter>Реализация</Filter>
    </ClCompile>
    <ClCompile Include="main.cpp">
      <Filter>Реализация</Filter>
    </ClCompile>
    <ClCompile Include="MainFabric.cpp">
      <Filter>Реализация</Filter>
    </ClCompile>
    <ClCompile Include="Maze.cpp">
      <Filter>Реализация</Filter>
    </ClCompile>
    <ClCompile Include="Position.cpp">
      <Filter>Реализация</Filter>
    </ClCompile>
    <ClCompile Include="Tile.cpp">
      <Filter>Реализация</Filter>
    </ClCompile>
  </ItemGroup>
  <ItemGroup>
    <ClInclude Include="Controllers.h">
      <Filter>Заголовки</Filter>
    </ClInclude>
    <ClInclude Include="EventHandler.h">
      <Filter>Заголовки</Filter>
    </ClInclude>
    <ClInclude Include="Game.h">
      <Filter>Заголовки</Filter>
    </ClInclude>
    <ClInclude Include="GameObjects.h">
      <Filter>Заголовки</Filter>
    </ClInclude>
    <ClInclude Include="GameObjectsFabric.h">
      <Filter>Заголовки</Filter>
    </ClInclude>
    <ClInclude Include="MainFabric.h">
      <Filter>Заголовки</Filter>
    </ClInclude>
    <ClInclude Include="Maze.h">
      <Filter>Заголовки</Filter>
    </ClInclude>
    <ClInclude Include="Position.h">
      <Filter>Заголовки</Filter>
    </ClInclude>
    <ClInclude Include="Tile.h">
      <Filter>Заголовки</Filter>
    </ClInclude>
  </ItemGroup>
  <ItemGroup>
    <Filter Include="Заголовки">
      <UniqueIdentifier>{307239d5-0b0d-4523-9766-3d603df528fb}</UniqueIdentifier>
    </Filter>
    <Filter Include="Реализация">
      <UniqueIdentifier>{18f59886-1d70-4c3e-adae-79dc71ada035}</UniqueIdentifier>
    </Filter>
  </ItemGroup>
</Project>